
Microsoft Visual Studio Solution File, Format Version 12.00
# Visual Studio Version 17
VisualStudioVersion = 17.9.34728.123
MinimumVisualStudioVersion = 10.0.40219.1
Project("{FAE04EC0-301F-11D3-BF4B-00C04F79EFBC}") = "SMW-test", "SMW-test.csproj", "{A1B72300-ABFF-4E12-838D-C24F91749329}"
EndProject
Project("{FAE04EC0-301F-11D3-BF4B-00C04F79EFBC}") = "SMW-test.Services", "..\SMW-test.Services\SMW-test.Services.csproj", "{E16F44DD-F7B3-4BB0-BE68-3A89A701AF2D}"
EndProject
Project("{FAE04EC0-301F-11D3-BF4B-00C04F79EFBC}") = "SMW-test.Utilities", "..\SMW-test.Utilities\SMW-test.Utilities.csproj", "{1ECF349F-C50F-43FF-8691-DC336DFEA016}"
EndProject
Global
	GlobalSection(SolutionConfigurationPlatforms) = preSolution
		Debug|Any CPU = Debug|Any CPU
		Release|Any CPU = Release|Any CPU
	EndGlobalSection
	GlobalSection(ProjectConfigurationPlatforms) = postSolution
		{A1B72300-ABFF-4E12-838D-C24F91749329}.Debug|Any CPU.ActiveCfg = Debug|Any CPU
		{A1B72300-ABFF-4E12-838D-C24F91749329}.Debug|Any CPU.Build.0 = Debug|Any CPU
		{A1B72300-ABFF-4E12-838D-C24F91749329}.Release|Any CPU.ActiveCfg = Release|Any CPU
		{A1B72300-ABFF-4E12-838D-C24F91749329}.Release|Any CPU.Build.0 = Release|Any CPU
		{E16F44DD-F7B3-4BB0-BE68-3A89A701AF2D}.Debug|Any CPU.ActiveCfg = Debug|Any CPU
		{E16F44DD-F7B3-4BB0-BE68-3A89A701AF2D}.Debug|Any CPU.Build.0 = Debug|Any CPU
		{E16F44DD-F7B3-4BB0-BE68-3A89A701AF2D}.Release|Any CPU.ActiveCfg = Release|Any CPU
		{E16F44DD-F7B3-4BB0-BE68-3A89A701AF2D}.Release|Any CPU.Build.0 = Release|Any CPU
		{1ECF349F-C50F-43FF-8691-DC336DFEA016}.Debug|Any CPU.ActiveCfg = Debug|Any CPU
		{1ECF349F-C50F-43FF-8691-DC336DFEA016}.Debug|Any CPU.Build.0 = Debug|Any CPU
		{1ECF349F-C50F-43FF-8691-DC336DFEA016}.Release|Any CPU.ActiveCfg = Release|Any CPU
		{1ECF349F-C50F-43FF-8691-DC336DFEA016}.Release|Any CPU.Build.0 = Release|Any CPU
	EndGlobalSection
	GlobalSection(SolutionProperties) = preSolution
		HideSolutionNode = FALSE
	EndGlobalSection
	GlobalSection(ExtensibilityGlobals) = postSolution
		SolutionGuid = {EB91C99D-B184-4822-B4DF-A7AE0C2EA91A}
	EndGlobalSection
EndGlobal
